
Microsoft Visual Studio Solution File, Format Version 10.00
# Visual Studio 2008
Project("{8BC9CEB8-8B4A-11D0-8D11-00A0C91BC942}") = "ExternalModuleExample", "ExternalModuleExample\ExternalModuleExample.vcproj", "{9B953D8D-2D68-4A75-A4E2-B8CF470A83E1}"
	ProjectSection(ProjectDependencies) = postProject
		{8215A448-2C10-4532-ACC0-1C6E01F81FF3} = {8215A448-2C10-4532-ACC0-1C6E01F81FF3}
		{DFF0CA6F-7BBB-480B-AFF4-D38450E9C502} = {DFF0CA6F-7BBB-480B-AFF4-D38450E9C502}
		{AEB72DB0-FD74-40C3-8B90-71502A0E6D73} = {AEB72DB0-FD74-40C3-8B90-71502A0E6D73}
		{423D3CDD-C29D-42C0-9BDD-C2170775508A} = {423D3CDD-C29D-42C0-9BDD-C2170775508A}
	EndProjectSection
EndProject
Project("{8BC9CEB8-8B4A-11D0-8D11-00A0C91BC942}") = "ConfigMgrDll", "ConfigMgrDll\ConfigMgrDll.vcproj", "{8215A448-2C10-4532-ACC0-1C6E01F81FF3}"
	ProjectSection(ProjectDependencies) = postProject
		{423D3CDD-C29D-42C0-9BDD-C2170775508A} = {423D3CDD-C29D-42C0-9BDD-C2170775508A}
	EndProjectSection
EndProject
Project("{8BC9CEB8-8B4A-11D0-8D11-00A0C91BC942}") = "ScriptMgrDll", "ScriptMgrDll\ScriptMgrDll.vcproj", "{AEB72DB0-FD74-40C3-8B90-71502A0E6D73}"
	ProjectSection(ProjectDependencies) = postProject
		{423D3CDD-C29D-42C0-9BDD-C2170775508A} = {423D3CDD-C29D-42C0-9BDD-C2170775508A}
	EndProjectSection
EndProject
Project("{8BC9CEB8-8B4A-11D0-8D11-00A0C91BC942}") = "LwdpLib", "..\LwdpLib\LwdpLib\LwdpLib.vcproj", "{423D3CDD-C29D-42C0-9BDD-C2170775508A}"
EndProject
Project("{8BC9CEB8-8B4A-11D0-8D11-00A0C91BC942}") = "PluginLoaderDll", "PluginLoaderDll\PluginLoaderDll.vcproj", "{DFF0CA6F-7BBB-480B-AFF4-D38450E9C502}"
	ProjectSection(ProjectDependencies) = postProject
		{423D3CDD-C29D-42C0-9BDD-C2170775508A} = {423D3CDD-C29D-42C0-9BDD-C2170775508A}
	EndProjectSection
EndProject
Project("{8BC9CEB8-8B4A-11D0-8D11-00A0C91BC942}") = "LogMgrDll", "LogMgrDll\LogMgrDll.vcproj", "{61A6E5CB-491A-4B27-9E8C-9CA2E6C7B4C4}"
EndProject
Project("{8BC9CEB8-8B4A-11D0-8D11-00A0C91BC942}") = "DctMgrDll", "DctMgrDll\DctMgrDll.vcproj", "{B22BACD1-7E38-4F8B-B3ED-895DF1088CCD}"
EndProject
Project("{8BC9CEB8-8B4A-11D0-8D11-00A0C91BC942}") = "LuaMgrDll", "LuaMgrDll\LuaMgrDll.vcproj", "{50D6CBE6-5680-4D89-A877-C0BC3D65546B}"
EndProject
Project("{8BC9CEB8-8B4A-11D0-8D11-00A0C91BC942}") = "ZmqMgrDll", "ZmqMgrDll\ZmqMgrDll.vcproj", "{88628D54-722B-427A-B27A-207019E2D5FC}"
EndProject
Project("{8BC9CEB8-8B4A-11D0-8D11-00A0C91BC942}") = "EventMgrDll", "EventMgr\EventMgr.vcproj", "{D93A15F2-A7A3-444E-9F65-E50120B8FB89}"
EndProject
Project("{8BC9CEB8-8B4A-11D0-8D11-00A0C91BC942}") = "TcpServerMain", "TcpServerMain\TcpServerMain.vcproj", "{113D3732-C2F2-491C-9A3B-166B0B02103E}"
EndProject
Project("{8BC9CEB8-8B4A-11D0-8D11-00A0C91BC942}") = "TSFrontend", "TSFrontend\TSFrontend.vcproj", "{A514B3A7-7E81-46E8-870C-0B0D2EC2B661}"
EndProject
Project("{8BC9CEB8-8B4A-11D0-8D11-00A0C91BC942}") = "ZmqBackend", "ZmqBackend\ZmqBackend.vcproj", "{7593A019-0A03-4E36-B350-6DC5CFC1A56D}"
EndProject
Project("{8BC9CEB8-8B4A-11D0-8D11-00A0C91BC942}") = "ACDevice", "ACDevice\ACDevice.vcproj", "{FB93E0BC-D5FC-473A-8567-2D3A174AF004}"
EndProject
Project("{8BC9CEB8-8B4A-11D0-8D11-00A0C91BC942}") = "TimerMgrDll", "TimerMgrDll\TimerMgrDll.vcproj", "{06DEABE6-D183-4BEF-94A3-FAFC1742988E}"
EndProject
Project("{8BC9CEB8-8B4A-11D0-8D11-00A0C91BC942}") = "CondoleMgrDll", "CondoleMgrDll\CondoleMgrDll.vcproj", "{C44126AF-506A-4A98-BE5E-9F6B3AFC4DEE}"
EndProject
Global
	GlobalSection(SolutionConfigurationPlatforms) = preSolution
		Debug|Win32 = Debug|Win32
		Release|Win32 = Release|Win32
	EndGlobalSection
	GlobalSection(ProjectConfigurationPlatforms) = postSolution
		{9B953D8D-2D68-4A75-A4E2-B8CF470A83E1}.Debug|Win32.ActiveCfg = Debug|Win32
		{9B953D8D-2D68-4A75-A4E2-B8CF470A83E1}.Debug|Win32.Build.0 = Debug|Win32
		{9B953D8D-2D68-4A75-A4E2-B8CF470A83E1}.Release|Win32.ActiveCfg = Release|Win32
		{9B953D8D-2D68-4A75-A4E2-B8CF470A83E1}.Release|Win32.Build.0 = Release|Win32
		{8215A448-2C10-4532-ACC0-1C6E01F81FF3}.Debug|Win32.ActiveCfg = Debug|Win32
		{8215A448-2C10-4532-ACC0-1C6E01F81FF3}.Debug|Win32.Build.0 = Debug|Win32
		{8215A448-2C10-4532-ACC0-1C6E01F81FF3}.Release|Win32.ActiveCfg = Release|Win32
		{8215A448-2C10-4532-ACC0-1C6E01F81FF3}.Release|Win32.Build.0 = Release|Win32
		{AEB72DB0-FD74-40C3-8B90-71502A0E6D73}.Debug|Win32.ActiveCfg = Debug|Win32
		{AEB72DB0-FD74-40C3-8B90-71502A0E6D73}.Debug|Win32.Build.0 = Debug|Win32
		{AEB72DB0-FD74-40C3-8B90-71502A0E6D73}.Release|Win32.ActiveCfg = Release|Win32
		{AEB72DB0-FD74-40C3-8B90-71502A0E6D73}.Release|Win32.Build.0 = Release|Win32
		{423D3CDD-C29D-42C0-9BDD-C2170775508A}.Debug|Win32.ActiveCfg = Debug|Win32
		{423D3CDD-C29D-42C0-9BDD-C2170775508A}.Debug|Win32.Build.0 = Debug|Win32
		{423D3CDD-C29D-42C0-9BDD-C2170775508A}.Release|Win32.ActiveCfg = Release|Win32
		{423D3CDD-C29D-42C0-9BDD-C2170775508A}.Release|Win32.Build.0 = Release|Win32
		{DFF0CA6F-7BBB-480B-AFF4-D38450E9C502}.Debug|Win32.ActiveCfg = Debug|Win32
		{DFF0CA6F-7BBB-480B-AFF4-D38450E9C502}.Debug|Win32.Build.0 = Debug|Win32
		{DFF0CA6F-7BBB-480B-AFF4-D38450E9C502}.Release|Win32.ActiveCfg = Release|Win32
		{DFF0CA6F-7BBB-480B-AFF4-D38450E9C502}.Release|Win32.Build.0 = Release|Win32
		{61A6E5CB-491A-4B27-9E8C-9CA2E6C7B4C4}.Debug|Win32.ActiveCfg = Debug|Win32
		{61A6E5CB-491A-4B27-9E8C-9CA2E6C7B4C4}.Debug|Win32.Build.0 = Debug|Win32
		{61A6E5CB-491A-4B27-9E8C-9CA2E6C7B4C4}.Release|Win32.ActiveCfg = Release|Win32
		{61A6E5CB-491A-4B27-9E8C-9CA2E6C7B4C4}.Release|Win32.Build.0 = Release|Win32
		{B22BACD1-7E38-4F8B-B3ED-895DF1088CCD}.Debug|Win32.ActiveCfg = Debug|Win32
		{B22BACD1-7E38-4F8B-B3ED-895DF1088CCD}.Debug|Win32.Build.0 = Debug|Win32
		{B22BACD1-7E38-4F8B-B3ED-895DF1088CCD}.Release|Win32.ActiveCfg = Release|Win32
		{B22BACD1-7E38-4F8B-B3ED-895DF1088CCD}.Release|Win32.Build.0 = Release|Win32
		{50D6CBE6-5680-4D89-A877-C0BC3D65546B}.Debug|Win32.ActiveCfg = Debug|Win32
		{50D6CBE6-5680-4D89-A877-C0BC3D65546B}.Debug|Win32.Build.0 = Debug|Win32
		{50D6CBE6-5680-4D89-A877-C0BC3D65546B}.Release|Win32.ActiveCfg = Release|Win32
		{50D6CBE6-5680-4D89-A877-C0BC3D65546B}.Release|Win32.Build.0 = Release|Win32
		{88628D54-722B-427A-B27A-207019E2D5FC}.Debug|Win32.ActiveCfg = Debug|Win32
		{88628D54-722B-427A-B27A-207019E2D5FC}.Debug|Win32.Build.0 = Debug|Win32
		{88628D54-722B-427A-B27A-207019E2D5FC}.Release|Win32.ActiveCfg = Release|Win32
		{88628D54-722B-427A-B27A-207019E2D5FC}.Release|Win32.Build.0 = Release|Win32
		{D93A15F2-A7A3-444E-9F65-E50120B8FB89}.Debug|Win32.ActiveCfg = Debug|Win32
		{D93A15F2-A7A3-444E-9F65-E50120B8FB89}.Debug|Win32.Build.0 = Debug|Win32
		{D93A15F2-A7A3-444E-9F65-E50120B8FB89}.Release|Win32.ActiveCfg = Release|Win32
		{D93A15F2-A7A3-444E-9F65-E50120B8FB89}.Release|Win32.Build.0 = Release|Win32
		{113D3732-C2F2-491C-9A3B-166B0B02103E}.Debug|Win32.ActiveCfg = Debug|Win32
		{113D3732-C2F2-491C-9A3B-166B0B02103E}.Debug|Win32.Build.0 = Debug|Win32
		{113D3732-C2F2-491C-9A3B-166B0B02103E}.Release|Win32.ActiveCfg = Release|Win32
		{113D3732-C2F2-491C-9A3B-166B0B02103E}.Release|Win32.Build.0 = Release|Win32
		{A514B3A7-7E81-46E8-870C-0B0D2EC2B661}.Debug|Win32.ActiveCfg = Debug|Win32
		{A514B3A7-7E81-46E8-870C-0B0D2EC2B661}.Debug|Win32.Build.0 = Debug|Win32
		{A514B3A7-7E81-46E8-870C-0B0D2EC2B661}.Release|Win32.ActiveCfg = Release|Win32
		{A514B3A7-7E81-46E8-870C-0B0D2EC2B661}.Release|Win32.Build.0 = Release|Win32
		{7593A019-0A03-4E36-B350-6DC5CFC1A56D}.Debug|Win32.ActiveCfg = Debug|Win32
		{7593A019-0A03-4E36-B350-6DC5CFC1A56D}.Debug|Win32.Build.0 = Debug|Win32
		{7593A019-0A03-4E36-B350-6DC5CFC1A56D}.Release|Win32.ActiveCfg = Release|Win32
		{7593A019-0A03-4E36-B350-6DC5CFC1A56D}.Release|Win32.Build.0 = Release|Win32
		{FB93E0BC-D5FC-473A-8567-2D3A174AF004}.Debug|Win32.ActiveCfg = Debug|Win32
		{FB93E0BC-D5FC-473A-8567-2D3A174AF004}.Debug|Win32.Build.0 = Debug|Win32
		{FB93E0BC-D5FC-473A-8567-2D3A174AF004}.Release|Win32.ActiveCfg = Release|Win32
		{FB93E0BC-D5FC-473A-8567-2D3A174AF004}.Release|Win32.Build.0 = Release|Win32
		{06DEABE6-D183-4BEF-94A3-FAFC1742988E}.Debug|Win32.ActiveCfg = Debug|Win32
		{06DEABE6-D183-4BEF-94A3-FAFC1742988E}.Debug|Win32.Build.0 = Debug|Win32
		{06DEABE6-D183-4BEF-94A3-FAFC1742988E}.Release|Win32.ActiveCfg = Release|Win32
		{06DEABE6-D183-4BEF-94A3-FAFC1742988E}.Release|Win32.Build.0 = Release|Win32
		{C44126AF-506A-4A98-BE5E-9F6B3AFC4DEE}.Debug|Win32.ActiveCfg = Debug|Win32
		{C44126AF-506A-4A98-BE5E-9F6B3AFC4DEE}.Debug|Win32.Build.0 = Debug|Win32
		{C44126AF-506A-4A98-BE5E-9F6B3AFC4DEE}.Release|Win32.ActiveCfg = Release|Win32
		{C44126AF-506A-4A98-BE5E-9F6B3AFC4DEE}.Release|Win32.Build.0 = Release|Win32
	EndGlobalSection
	GlobalSection(SolutionProperties) = preSolution
		HideSolutionNode = FALSE
	EndGlobalSection
EndGlobal
